
Microsoft Visual Studio Solution File, Format Version 12.00
# Visual Studio Version 16
VisualStudioVersion = 16.0.29613.14
MinimumVisualStudioVersion = 10.0.40219.1
Project("{FAE04EC0-301F-11D3-BF4B-00C04F79EFBC}") = "Walterlv.Http2Https", "Walterlv.Http2Https\Walterlv.Http2Https.csproj", "{6A1BBF3B-4CBD-4D57-B424-CE6046453C59}"
EndProject
Global
	GlobalSection(SolutionConfigurationPlatforms) = preSolution
		Debug|Any CPU = Debug|Any CPU
		Release|Any CPU = Release|Any CPU
	EndGlobalSection
	GlobalSection(ProjectConfigurationPlatforms) = postSolution
		{6A1BBF3B-4CBD-4D57-B424-CE6046453C59}.Debug|Any CPU.ActiveCfg = Debug|Any CPU
		{6A1BBF3B-4CBD-4D57-B424-CE6046453C59}.Debug|Any CPU.Build.0 = Debug|Any CPU
		{6A1BBF3B-4CBD-4D57-B424-CE6046453C59}.Release|Any CPU.ActiveCfg = Release|Any CPU
		{6A1BBF3B-4CBD-4D57-B424-CE6046453C59}.Release|Any CPU.Build.0 = Release|Any CPU
	EndGlobalSection
	GlobalSection(SolutionProperties) = preSolution
		HideSolutionNode = FALSE
	EndGlobalSection
	GlobalSection(ExtensibilityGlobals) = postSolution
		SolutionGuid = {3DE8F814-2BEE-402F-8308-E73D98201C85}
	EndGlobalSection
EndGlobal
